
Microsoft Visual Studio Solution File, Format Version 12.00
# Visual Studio Version 16
VisualStudioVersion = 16.0.30517.126
MinimumVisualStudioVersion = 10.0.40219.1
Project("{FAE04EC0-301F-11D3-BF4B-00C04F79EFBC}") = "CursoASPCore", "CursoASPCore\CursoASPCore.csproj", "{EE79E2C6-D19E-4E09-9397-A102B747CF9D}"
EndProject
Global
	GlobalSection(SolutionConfigurationPlatforms) = preSolution
		Debug|Any CPU = Debug|Any CPU
		Release|Any CPU = Release|Any CPU
	EndGlobalSection
	GlobalSection(ProjectConfigurationPlatforms) = postSolution
		{EE79E2C6-D19E-4E09-9397-A102B747CF9D}.Debug|Any CPU.ActiveCfg = Debug|Any CPU
		{EE79E2C6-D19E-4E09-9397-A102B747CF9D}.Debug|Any CPU.Build.0 = Debug|Any CPU
		{EE79E2C6-D19E-4E09-9397-A102B747CF9D}.Release|Any CPU.ActiveCfg = Release|Any CPU
		{EE79E2C6-D19E-4E09-9397-A102B747CF9D}.Release|Any CPU.Build.0 = Release|Any CPU
	EndGlobalSection
	GlobalSection(SolutionProperties) = preSolution
		HideSolutionNode = FALSE
	EndGlobalSection
	GlobalSection(ExtensibilityGlobals) = postSolution
		SolutionGuid = {03824141-7193-4402-8B4A-BC893074F978}
	EndGlobalSection
EndGlobal
